
Microsoft Visual Studio Solution File, Format Version 12.00
# Visual Studio Version 17
VisualStudioVersion = 17.1.32210.238
MinimumVisualStudioVersion = 10.0.40219.1
Project("{FAE04EC0-301F-11D3-BF4B-00C04F79EFBC}") = "AkvelonTask", "AkvelonTask\AkvelonTask.csproj", "{EAC0D4A7-4694-440E-933D-7C0085A6CFAD}"
EndProject
Global
	GlobalSection(SolutionConfigurationPlatforms) = preSolution
		Debug|Any CPU = Debug|Any CPU
		Release|Any CPU = Release|Any CPU
	EndGlobalSection
	GlobalSection(ProjectConfigurationPlatforms) = postSolution
		{EAC0D4A7-4694-440E-933D-7C0085A6CFAD}.Debug|Any CPU.ActiveCfg = Debug|Any CPU
		{EAC0D4A7-4694-440E-933D-7C0085A6CFAD}.Debug|Any CPU.Build.0 = Debug|Any CPU
		{EAC0D4A7-4694-440E-933D-7C0085A6CFAD}.Release|Any CPU.ActiveCfg = Release|Any CPU
		{EAC0D4A7-4694-440E-933D-7C0085A6CFAD}.Release|Any CPU.Build.0 = Release|Any CPU
	EndGlobalSection
	GlobalSection(SolutionProperties) = preSolution
		HideSolutionNode = FALSE
	EndGlobalSection
	GlobalSection(ExtensibilityGlobals) = postSolution
		SolutionGuid = {BAA24A97-AD04-4DFA-95B5-F27904847D20}
	EndGlobalSection
EndGlobal
